
Microsoft Visual Studio Solution File, Format Version 12.00
# Visual Studio 15
VisualStudioVersion = 15.0.28307.2092
MinimumVisualStudioVersion = 10.0.40219.1
Project("{FAE04EC0-301F-11D3-BF4B-00C04F79EFBC}") = "Async", "App1\Async.csproj", "{53F75881-0360-422A-BCAB-7D731D834EFD}"
EndProject
Project("{FAE04EC0-301F-11D3-BF4B-00C04F79EFBC}") = "PROPERTIES", "PROPERTIES\PROPERTIES.csproj", "{584871B9-E9EB-464B-8B97-BB4718C6852A}"
EndProject
Project("{FAE04EC0-301F-11D3-BF4B-00C04F79EFBC}") = "Indexer", "Indexer\Indexer.csproj", "{0ADEB493-AB32-4242-92B0-6B7BDDA5E4D5}"
EndProject
Project("{FAE04EC0-301F-11D3-BF4B-00C04F79EFBC}") = "OPERATOR_OVERLOADING", "OPERATOR_OVERLOADING\OPERATOR_OVERLOADING.csproj", "{8BC453EA-DC25-40F5-A983-0C84A97AE072}"
EndProject
Project("{FAE04EC0-301F-11D3-BF4B-00C04F79EFBC}") = "Arrays", "Arrays\Arrays.csproj", "{8DBC3940-2C47-417B-8201-B63B5EE12830}"
EndProject
Global
	GlobalSection(SolutionConfigurationPlatforms) = preSolution
		Debug|Any CPU = Debug|Any CPU
		Release|Any CPU = Release|Any CPU
	EndGlobalSection
	GlobalSection(ProjectConfigurationPlatforms) = postSolution
		{53F75881-0360-422A-BCAB-7D731D834EFD}.Debug|Any CPU.ActiveCfg = Debug|Any CPU
		{53F75881-0360-422A-BCAB-7D731D834EFD}.Debug|Any CPU.Build.0 = Debug|Any CPU
		{53F75881-0360-422A-BCAB-7D731D834EFD}.Release|Any CPU.ActiveCfg = Release|Any CPU
		{53F75881-0360-422A-BCAB-7D731D834EFD}.Release|Any CPU.Build.0 = Release|Any CPU
		{584871B9-E9EB-464B-8B97-BB4718C6852A}.Debug|Any CPU.ActiveCfg = Debug|Any CPU
		{584871B9-E9EB-464B-8B97-BB4718C6852A}.Debug|Any CPU.Build.0 = Debug|Any CPU
		{584871B9-E9EB-464B-8B97-BB4718C6852A}.Release|Any CPU.ActiveCfg = Release|Any CPU
		{584871B9-E9EB-464B-8B97-BB4718C6852A}.Release|Any CPU.Build.0 = Release|Any CPU
		{0ADEB493-AB32-4242-92B0-6B7BDDA5E4D5}.Debug|Any CPU.ActiveCfg = Debug|Any CPU
		{0ADEB493-AB32-4242-92B0-6B7BDDA5E4D5}.Debug|Any CPU.Build.0 = Debug|Any CPU
		{0ADEB493-AB32-4242-92B0-6B7BDDA5E4D5}.Release|Any CPU.ActiveCfg = Release|Any CPU
		{0ADEB493-AB32-4242-92B0-6B7BDDA5E4D5}.Release|Any CPU.Build.0 = Release|Any CPU
		{8BC453EA-DC25-40F5-A983-0C84A97AE072}.Debug|Any CPU.ActiveCfg = Debug|Any CPU
		{8BC453EA-DC25-40F5-A983-0C84A97AE072}.Debug|Any CPU.Build.0 = Debug|Any CPU
		{8BC453EA-DC25-40F5-A983-0C84A97AE072}.Release|Any CPU.ActiveCfg = Release|Any CPU
		{8BC453EA-DC25-40F5-A983-0C84A97AE072}.Release|Any CPU.Build.0 = Release|Any CPU
		{8DBC3940-2C47-417B-8201-B63B5EE12830}.Debug|Any CPU.ActiveCfg = Debug|Any CPU
		{8DBC3940-2C47-417B-8201-B63B5EE12830}.Debug|Any CPU.Build.0 = Debug|Any CPU
		{8DBC3940-2C47-417B-8201-B63B5EE12830}.Release|Any CPU.ActiveCfg = Release|Any CPU
		{8DBC3940-2C47-417B-8201-B63B5EE12830}.Release|Any CPU.Build.0 = Release|Any CPU
	EndGlobalSection
	GlobalSection(SolutionProperties) = preSolution
		HideSolutionNode = FALSE
	EndGlobalSection
	GlobalSection(ExtensibilityGlobals) = postSolution
		SolutionGuid = {E3A38971-025A-4980-9AF8-44E7B700BC9F}
	EndGlobalSection
EndGlobal
