
Microsoft Visual Studio Solution File, Format Version 12.00
# Visual Studio 15
VisualStudioVersion = 15.0.28307.2092
MinimumVisualStudioVersion = 10.0.40219.1
Project("{FAE04EC0-301F-11D3-BF4B-00C04F79EFBC}") = "WebApplication4", "WebApplication4\WebApplication4.csproj", "{07243D63-9338-409F-B21F-F6EE16C31AEB}"
EndProject
Global
	GlobalSection(SolutionConfigurationPlatforms) = preSolution
		Debug|Any CPU = Debug|Any CPU
		Release|Any CPU = Release|Any CPU
	EndGlobalSection
	GlobalSection(ProjectConfigurationPlatforms) = postSolution
		{07243D63-9338-409F-B21F-F6EE16C31AEB}.Debug|Any CPU.ActiveCfg = Debug|Any CPU
		{07243D63-9338-409F-B21F-F6EE16C31AEB}.Debug|Any CPU.Build.0 = Debug|Any CPU
		{07243D63-9338-409F-B21F-F6EE16C31AEB}.Release|Any CPU.ActiveCfg = Release|Any CPU
		{07243D63-9338-409F-B21F-F6EE16C31AEB}.Release|Any CPU.Build.0 = Release|Any CPU
	EndGlobalSection
	GlobalSection(SolutionProperties) = preSolution
		HideSolutionNode = FALSE
	EndGlobalSection
	GlobalSection(ExtensibilityGlobals) = postSolution
		SolutionGuid = {5E718A4D-C6D0-4410-AA11-D60000909C98}
	EndGlobalSection
EndGlobal
